
Microsoft Visual Studio Solution File, Format Version 12.00
# Visual Studio Version 17
VisualStudioVersion = 17.1.32210.238
MinimumVisualStudioVersion = 10.0.40219.1
Project("{FAE04EC0-301F-11D3-BF4B-00C04F79EFBC}") = "NLayer.Core", "NLayer.Core\NLayer.Core.csproj", "{708B2B9C-7CB9-4BB2-A2D2-CE17CB6D8DA2}"
EndProject
Project("{FAE04EC0-301F-11D3-BF4B-00C04F79EFBC}") = "NLayer.Repository", "NLayer.Repository\NLayer.Repository.csproj", "{72F278C1-4D91-499B-AAEF-994CE3888346}"
EndProject
Project("{FAE04EC0-301F-11D3-BF4B-00C04F79EFBC}") = "NLayer.Service", "NLayer.Service\NLayer.Service.csproj", "{96914CD5-4747-4CA7-8376-017751ACA71B}"
EndProject
Project("{FAE04EC0-301F-11D3-BF4B-00C04F79EFBC}") = "NLayer.API", "NLayer.API\NLayer.API.csproj", "{B8FD64B6-CD9E-49C1-B85D-348BA8C0DC80}"
EndProject
Project("{FAE04EC0-301F-11D3-BF4B-00C04F79EFBC}") = "NLayer.Web", "NLayer.Web\NLayer.Web.csproj", "{9B7C7A39-B1A6-4E7C-BECC-79F352E5B564}"
EndProject
Project("{FAE04EC0-301F-11D3-BF4B-00C04F79EFBC}") = "NLayer.Caching", "NLayer.Caching\NLayer.Caching.csproj", "{A2EB0173-3B86-4FE0-94D8-FF9A1CED7D1F}"
EndProject
Global
	GlobalSection(SolutionConfigurationPlatforms) = preSolution
		Debug|Any CPU = Debug|Any CPU
		Release|Any CPU = Release|Any CPU
	EndGlobalSection
	GlobalSection(ProjectConfigurationPlatforms) = postSolution
		{708B2B9C-7CB9-4BB2-A2D2-CE17CB6D8DA2}.Debug|Any CPU.ActiveCfg = Debug|Any CPU
		{708B2B9C-7CB9-4BB2-A2D2-CE17CB6D8DA2}.Debug|Any CPU.Build.0 = Debug|Any CPU
		{708B2B9C-7CB9-4BB2-A2D2-CE17CB6D8DA2}.Release|Any CPU.ActiveCfg = Release|Any CPU
		{708B2B9C-7CB9-4BB2-A2D2-CE17CB6D8DA2}.Release|Any CPU.Build.0 = Release|Any CPU
		{72F278C1-4D91-499B-AAEF-994CE3888346}.Debug|Any CPU.ActiveCfg = Debug|Any CPU
		{72F278C1-4D91-499B-AAEF-994CE3888346}.Debug|Any CPU.Build.0 = Debug|Any CPU
		{72F278C1-4D91-499B-AAEF-994CE3888346}.Release|Any CPU.ActiveCfg = Release|Any CPU
		{72F278C1-4D91-499B-AAEF-994CE3888346}.Release|Any CPU.Build.0 = Release|Any CPU
		{96914CD5-4747-4CA7-8376-017751ACA71B}.Debug|Any CPU.ActiveCfg = Debug|Any CPU
		{96914CD5-4747-4CA7-8376-017751ACA71B}.Debug|Any CPU.Build.0 = Debug|Any CPU
		{96914CD5-4747-4CA7-8376-017751ACA71B}.Release|Any CPU.ActiveCfg = Release|Any CPU
		{96914CD5-4747-4CA7-8376-017751ACA71B}.Release|Any CPU.Build.0 = Release|Any CPU
		{B8FD64B6-CD9E-49C1-B85D-348BA8C0DC80}.Debug|Any CPU.ActiveCfg = Debug|Any CPU
		{B8FD64B6-CD9E-49C1-B85D-348BA8C0DC80}.Debug|Any CPU.Build.0 = Debug|Any CPU
		{B8FD64B6-CD9E-49C1-B85D-348BA8C0DC80}.Release|Any CPU.ActiveCfg = Release|Any CPU
		{B8FD64B6-CD9E-49C1-B85D-348BA8C0DC80}.Release|Any CPU.Build.0 = Release|Any CPU
		{9B7C7A39-B1A6-4E7C-BECC-79F352E5B564}.Debug|Any CPU.ActiveCfg = Debug|Any CPU
		{9B7C7A39-B1A6-4E7C-BECC-79F352E5B564}.Debug|Any CPU.Build.0 = Debug|Any CPU
		{9B7C7A39-B1A6-4E7C-BECC-79F352E5B564}.Release|Any CPU.ActiveCfg = Release|Any CPU
		{9B7C7A39-B1A6-4E7C-BECC-79F352E5B564}.Release|Any CPU.Build.0 = Release|Any CPU
		{A2EB0173-3B86-4FE0-94D8-FF9A1CED7D1F}.Debug|Any CPU.ActiveCfg = Debug|Any CPU
		{A2EB0173-3B86-4FE0-94D8-FF9A1CED7D1F}.Debug|Any CPU.Build.0 = Debug|Any CPU
		{A2EB0173-3B86-4FE0-94D8-FF9A1CED7D1F}.Release|Any CPU.ActiveCfg = Release|Any CPU
		{A2EB0173-3B86-4FE0-94D8-FF9A1CED7D1F}.Release|Any CPU.Build.0 = Release|Any CPU
	EndGlobalSection
	GlobalSection(SolutionProperties) = preSolution
		HideSolutionNode = FALSE
	EndGlobalSection
	GlobalSection(ExtensibilityGlobals) = postSolution
		SolutionGuid = {16950C69-9308-45AE-9A14-9BF27E418DEB}
	EndGlobalSection
EndGlobal
